// !$*UTF8*$!
{
	archiveVersion = 1;
	classes = {
	};
	objectVersion = 46;
	objects = {

/* Begin PBXBuildFile section */
		E6020B1417100F8300DAE734 /* Space Jupitor Earh Background.jpg in Resources */ = {isa = PBXBuildFile; fileRef = E6020B1317100F8300DAE734 /* Space Jupitor Earh Background.jpg */; };
		E6020B491710304C00DAE734 /* yellowBox.png in Resources */ = {isa = PBXBuildFile; fileRef = E6020B471710304B00DAE734 /* yellowBox.png */; };
		E6020B4A1710304C00DAE734 /* whiteBox.png in Resources */ = {isa = PBXBuildFile; fileRef = E6020B481710304B00DAE734 /* whiteBox.png */; };
		E6020B50171043A400DAE734 /* SpecialViewController.m in Sources */ = {isa = PBXBuildFile; fileRef = E6020B4F171043A400DAE734 /* SpecialViewController.m */; };
		E6B4AD2B170D891500D8ACDF /* reg back arrow.jpeg in Resources */ = {isa = PBXBuildFile; fileRef = E6B4ACFC170D891500D8ACDF /* reg back arrow.jpeg */; };
		E6B4AD2C170D891500D8ACDF /* click.mp3 in Resources */ = {isa = PBXBuildFile; fileRef = E6B4ACFD170D891500D8ACDF /* click.mp3 */; };
		E6B4AD2E170D891500D8ACDF /* MenuViewController.m in Sources */ = {isa = PBXBuildFile; fileRef = E6B4ACFF170D891500D8ACDF /* MenuViewController.m */; };
		E6B4AD2F170D891500D8ACDF /* Methods.m in Sources */ = {isa = PBXBuildFile; fileRef = E6B4AD00170D891500D8ACDF /* Methods.m */; };
		E6B4AD30170D891500D8ACDF /* Player.m in Sources */ = {isa = PBXBuildFile; fileRef = E6B4AD01170D891500D8ACDF /* Player.m */; };
		E6B4AD31170D891500D8ACDF /* SettingsViewController.m in Sources */ = {isa = PBXBuildFile; fileRef = E6B4AD02170D891500D8ACDF /* SettingsViewController.m */; };
		E6B4AD32170D891500D8ACDF /* Amsterdam_checkmark.png in Resources */ = {isa = PBXBuildFile; fileRef = E6B4AD03170D891500D8ACDF /* Amsterdam_checkmark.png */; };
		E6B4AD33170D891500D8ACDF /* Arrow+01.png in Resources */ = {isa = PBXBuildFile; fileRef = E6B4AD04170D891500D8ACDF /* Arrow+01.png */; };
		E6B4AD34170D891500D8ACDF /* back-arrow-hi.png in Resources */ = {isa = PBXBuildFile; fileRef = E6B4AD05170D891500D8ACDF /* back-arrow-hi.png */; };
		E6B4AD35170D891500D8ACDF /* exchange arrow.png in Resources */ = {isa = PBXBuildFile; fileRef = E6B4AD06170D891500D8ACDF /* exchange arrow.png */; };
		E6B4AD36170D891500D8ACDF /* fightStick.png in Resources */ = {isa = PBXBuildFile; fileRef = E6B4AD07170D891500D8ACDF /* fightStick.png */; };
		E6B4AD37170D891500D8ACDF /* hng.png in Resources */ = {isa = PBXBuildFile; fileRef = E6B4AD08170D891500D8ACDF /* hng.png */; };
		E6B4AD38170D891500D8ACDF /* hp_potion.png in Resources */ = {isa = PBXBuildFile; fileRef = E6B4AD09170D891500D8ACDF /* hp_potion.png */; };
		E6B4AD39170D891500D8ACDF /* icon_57x57.png in Resources */ = {isa = PBXBuildFile; fileRef = E6B4AD0A170D891500D8ACDF /* icon_57x57.png */; };
		E6B4AD3A170D891500D8ACDF /* icon_57x57@2x.png in Resources */ = {isa = PBXBuildFile; fileRef = E6B4AD0B170D891500D8ACDF /* icon_57x57@2x.png */; };
		E6B4AD3B170D891500D8ACDF /* player1 block.png in Resources */ = {isa = PBXBuildFile; fileRef = E6B4AD0C170D891500D8ACDF /* player1 block.png */; };
		E6B4AD3C170D891500D8ACDF /* player1 dodge.png in Resources */ = {isa = PBXBuildFile; fileRef = E6B4AD0D170D891500D8ACDF /* player1 dodge.png */; };
		E6B4AD3D170D891500D8ACDF /* player1 hit.png in Resources */ = {isa = PBXBuildFile; fileRef = E6B4AD0E170D891500D8ACDF /* player1 hit.png */; };
		E6B4AD3E170D891500D8ACDF /* player1 kick.png in Resources */ = {isa = PBXBuildFile; fileRef = E6B4AD0F170D891500D8ACDF /* player1 kick.png */; };
		E6B4AD3F170D891500D8ACDF /* player1 left punch.png in Resources */ = {isa = PBXBuildFile; fileRef = E6B4AD10170D891500D8ACDF /* player1 left punch.png */; };
		E6B4AD40170D891500D8ACDF /* player1 powerup.png in Resources */ = {isa = PBXBuildFile; fileRef = E6B4AD11170D891500D8ACDF /* player1 powerup.png */; };
		E6B4AD41170D891500D8ACDF /* player1 right punch.png in Resources */ = {isa = PBXBuildFile; fileRef = E6B4AD12170D891500D8ACDF /* player1 right punch.png */; };
		E6B4AD42170D891500D8ACDF /* player1 stand.png in Resources */ = {isa = PBXBuildFile; fileRef = E6B4AD13170D891500D8ACDF /* player1 stand.png */; };
		E6B4AD43170D891500D8ACDF /* player2 block.png in Resources */ = {isa = PBXBuildFile; fileRef = E6B4AD14170D891500D8ACDF /* player2 block.png */; };
		E6B4AD44170D891500D8ACDF /* player2 hit.png in Resources */ = {isa = PBXBuildFile; fileRef = E6B4AD15170D891500D8ACDF /* player2 hit.png */; };
		E6B4AD45170D891500D8ACDF /* player2 kick.png in Resources */ = {isa = PBXBuildFile; fileRef = E6B4AD16170D891500D8ACDF /* player2 kick.png */; };
		E6B4AD46170D891500D8ACDF /* player2 miss.png in Resources */ = {isa = PBXBuildFile; fileRef = E6B4AD17170D891500D8ACDF /* player2 miss.png */; };
		E6B4AD47170D891500D8ACDF /* player2 powerup.png in Resources */ = {isa = PBXBuildFile; fileRef = E6B4AD18170D891500D8ACDF /* player2 powerup.png */; };
		E6B4AD48170D891500D8ACDF /* player2 punch.png in Resources */ = {isa = PBXBuildFile; fileRef = E6B4AD19170D891500D8ACDF /* player2 punch.png */; };
		E6B4AD49170D891500D8ACDF /* SwapLife.png in Resources */ = {isa = PBXBuildFile; fileRef = E6B4AD1A170D891500D8ACDF /* SwapLife.png */; };
		E6B4AD4A170D891500D8ACDF /* Unconventional-Recycle-Arrows-Clip-Art.png in Resources */ = {isa = PBXBuildFile; fileRef = E6B4AD1B170D891500D8ACDF /* Unconventional-Recycle-Arrows-Clip-Art.png */; };
		E6B4AD4B170D891500D8ACDF /* click.wav in Resources */ = {isa = PBXBuildFile; fileRef = E6B4AD1C170D891500D8ACDF /* click.wav */; };
		E6B4AD4C170D891500D8ACDF /* Face Punch 2.wav in Resources */ = {isa = PBXBuildFile; fileRef = E6B4AD1D170D891500D8ACDF /* Face Punch 2.wav */; };
		E6B4AD4D170D891500D8ACDF /* karate.wav in Resources */ = {isa = PBXBuildFile; fileRef = E6B4AD1E170D891500D8ACDF /* karate.wav */; };
		E6B4AD4E170D891500D8ACDF /* kick.wav in Resources */ = {isa = PBXBuildFile; fileRef = E6B4AD1F170D891500D8ACDF /* kick.wav */; };
		E6B4AD4F170D891500D8ACDF /* left hook.wav in Resources */ = {isa = PBXBuildFile; fileRef = E6B4AD20170D891500D8ACDF /* left hook.wav */; };
		E6B4AD50170D891500D8ACDF /* Magic Tree.wav in Resources */ = {isa = PBXBuildFile; fileRef = E6B4AD21170D891500D8ACDF /* Magic Tree.wav */; };
		E6B4AD51170D891500D8ACDF /* pain.wav in Resources */ = {isa = PBXBuildFile; fileRef = E6B4AD22170D891500D8ACDF /* pain.wav */; };
		E6B4AD52170D891500D8ACDF /* powerhum.wav in Resources */ = {isa = PBXBuildFile; fileRef = E6B4AD23170D891500D8ACDF /* powerhum.wav */; };
		E6B4AD53170D891500D8ACDF /* punch.wav in Resources */ = {isa = PBXBuildFile; fileRef = E6B4AD24170D891500D8ACDF /* punch.wav */; };
		E6B4AD54170D891500D8ACDF /* razor slate.wav in Resources */ = {isa = PBXBuildFile; fileRef = E6B4AD25170D891500D8ACDF /* razor slate.wav */; };
		E6B4AD55170D891500D8ACDF /* right hook.wav in Resources */ = {isa = PBXBuildFile; fileRef = E6B4AD26170D891500D8ACDF /* right hook.wav */; };
		E6B4AD56170D891500D8ACDF /* Ripple Lazer.wav in Resources */ = {isa = PBXBuildFile; fileRef = E6B4AD27170D891500D8ACDF /* Ripple Lazer.wav */; };
		E6B4AD57170D891500D8ACDF /* strike.wav in Resources */ = {isa = PBXBuildFile; fileRef = E6B4AD28170D891500D8ACDF /* strike.wav */; };
		E6B4AD58170D891500D8ACDF /* swoosh 3.wav in Resources */ = {isa = PBXBuildFile; fileRef = E6B4AD29170D891500D8ACDF /* swoosh 3.wav */; };
		E6B4AD59170D891500D8ACDF /* thunder.wav in Resources */ = {isa = PBXBuildFile; fileRef = E6B4AD2A170D891500D8ACDF /* thunder.wav */; };
		E6B4AD5B170D894800D8ACDF /* AudioToolbox.framework in Frameworks */ = {isa = PBXBuildFile; fileRef = E6B4AD5A170D894800D8ACDF /* AudioToolbox.framework */; };
		E6B4AD5D170D894D00D8ACDF /* AVFoundation.framework in Frameworks */ = {isa = PBXBuildFile; fileRef = E6B4AD5C170D894D00D8ACDF /* AVFoundation.framework */; };
		E6B4AD65170D9DE600D8ACDF /* icon_57x57.png in Resources */ = {isa = PBXBuildFile; fileRef = E6B4AD64170D9DE600D8ACDF /* icon_57x57.png */; };
		E6B4AD67170D9DF800D8ACDF /* icon_57x57@2x.png in Resources */ = {isa = PBXBuildFile; fileRef = E6B4AD66170D9DF800D8ACDF /* icon_57x57@2x.png */; };
		E6EFFAF5170D87FD004B9197 /* UIKit.framework in Frameworks */ = {isa = PBXBuildFile; fileRef = E6EFFAF4170D87FD004B9197 /* UIKit.framework */; };
		E6EFFAF7170D87FD004B9197 /* Foundation.framework in Frameworks */ = {isa = PBXBuildFile; fileRef = E6EFFAF6170D87FD004B9197 /* Foundation.framework */; };
		E6EFFAF9170D87FD004B9197 /* CoreGraphics.framework in Frameworks */ = {isa = PBXBuildFile; fileRef = E6EFFAF8170D87FD004B9197 /* CoreGraphics.framework */; };
		E6EFFAFF170D87FD004B9197 /* InfoPlist.strings in Resources */ = {isa = PBXBuildFile; fileRef = E6EFFAFD170D87FD004B9197 /* InfoPlist.strings */; };
		E6EFFB01170D87FD004B9197 /* main.m in Sources */ = {isa = PBXBuildFile; fileRef = E6EFFB00170D87FD004B9197 /* main.m */; };
		E6EFFB05170D87FD004B9197 /* AppDelegate.m in Sources */ = {isa = PBXBuildFile; fileRef = E6EFFB04170D87FD004B9197 /* AppDelegate.m */; };
		E6EFFB07170D87FD004B9197 /* Default.png in Resources */ = {isa = PBXBuildFile; fileRef = E6EFFB06170D87FD004B9197 /* Default.png */; };
		E6EFFB09170D87FD004B9197 /* Default@2x.png in Resources */ = {isa = PBXBuildFile; fileRef = E6EFFB08170D87FD004B9197 /* Default@2x.png */; };
		E6EFFB0B170D87FD004B9197 /* Default-568h@2x.png in Resources */ = {isa = PBXBuildFile; fileRef = E6EFFB0A170D87FD004B9197 /* Default-568h@2x.png */; };
		E6EFFB0E170D87FD004B9197 /* MainStoryboard_iPhone.storyboard in Resources */ = {isa = PBXBuildFile; fileRef = E6EFFB0C170D87FD004B9197 /* MainStoryboard_iPhone.storyboard */; };
		E6EFFB11170D87FD004B9197 /* MainStoryboard_iPad.storyboard in Resources */ = {isa = PBXBuildFile; fileRef = E6EFFB0F170D87FD004B9197 /* MainStoryboard_iPad.storyboard */; };
		E6EFFB14170D87FD004B9197 /* ViewController.m in Sources */ = {isa = PBXBuildFile; fileRef = E6EFFB13170D87FD004B9197 /* ViewController.m */; };
/* End PBXBuildFile section */

/* Begin PBXFileReference section */
		E6020B1317100F8300DAE734 /* Space Jupitor Earh Background.jpg */ = {isa = PBXFileReference; lastKnownFileType = image.jpeg; path = "Space Jupitor Earh Background.jpg"; sourceTree = "<group>"; };
		E6020B471710304B00DAE734 /* yellowBox.png */ = {isa = PBXFileReference; lastKnownFileType = image.png; path = yellowBox.png; sourceTree = "<group>"; };
		E6020B481710304B00DAE734 /* whiteBox.png */ = {isa = PBXFileReference; lastKnownFileType = image.png; path = whiteBox.png; sourceTree = "<group>"; };
		E6020B4E171043A400DAE734 /* SpecialViewController.h */ = {isa = PBXFileReference; fileEncoding = 4; lastKnownFileType = sourcecode.c.h; path = SpecialViewController.h; sourceTree = "<group>"; };
		E6020B4F171043A400DAE734 /* SpecialViewController.m */ = {isa = PBXFileReference; fileEncoding = 4; lastKnownFileType = sourcecode.c.objc; path = SpecialViewController.m; sourceTree = "<group>"; };
		E6B4ACF5170D891500D8ACDF /* Globals:Constants.h */ = {isa = PBXFileReference; fileEncoding = 4; lastKnownFileType = sourcecode.c.h; path = "Globals:Constants.h"; sourceTree = "<group>"; };
		E6B4ACF6170D891500D8ACDF /* MenuViewController.h */ = {isa = PBXFileReference; fileEncoding = 4; lastKnownFileType = sourcecode.c.h; path = MenuViewController.h; sourceTree = "<group>"; };
		E6B4ACF7170D891500D8ACDF /* Methods.h */ = {isa = PBXFileReference; fileEncoding = 4; lastKnownFileType = sourcecode.c.h; path = Methods.h; sourceTree = "<group>"; };
		E6B4ACF9170D891500D8ACDF /* Player.h */ = {isa = PBXFileReference; fileEncoding = 4; lastKnownFileType = sourcecode.c.h; path = Player.h; sourceTree = "<group>"; };
		E6B4ACFA170D891500D8ACDF /* SettingsViewController.h */ = {isa = PBXFileReference; fileEncoding = 4; lastKnownFileType = sourcecode.c.h; path = SettingsViewController.h; sourceTree = "<group>"; };
		E6B4ACFC170D891500D8ACDF /* reg back arrow.jpeg */ = {isa = PBXFileReference; lastKnownFileType = image.jpeg; path = "reg back arrow.jpeg"; sourceTree = "<group>"; };
		E6B4ACFD170D891500D8ACDF /* click.mp3 */ = {isa = PBXFileReference; lastKnownFileType = audio.mp3; path = click.mp3; sourceTree = "<group>"; };
		E6B4ACFF170D891500D8ACDF /* MenuViewController.m */ = {isa = PBXFileReference; fileEncoding = 4; lastKnownFileType = sourcecode.c.objc; path = MenuViewController.m; sourceTree = "<group>"; };
		E6B4AD00170D891500D8ACDF /* Methods.m */ = {isa = PBXFileReference; fileEncoding = 4; lastKnownFileType = sourcecode.c.objc; path = Methods.m; sourceTree = "<group>"; };
		E6B4AD01170D891500D8ACDF /* Player.m */ = {isa = PBXFileReference; fileEncoding = 4; lastKnownFileType = sourcecode.c.objc; path = Player.m; sourceTree = "<group>"; };
		E6B4AD02170D891500D8ACDF /* SettingsViewController.m */ = {isa = PBXFileReference; fileEncoding = 4; lastKnownFileType = sourcecode.c.objc; path = SettingsViewController.m; sourceTree = "<group>"; };
		E6B4AD03170D891500D8ACDF /* Amsterdam_checkmark.png */ = {isa = PBXFileReference; lastKnownFileType = image.png; path = Amsterdam_checkmark.png; sourceTree = "<group>"; };
		E6B4AD04170D891500D8ACDF /* Arrow+01.png */ = {isa = PBXFileReference; lastKnownFileType = image.png; path = "Arrow+01.png"; sourceTree = "<group>"; };
		E6B4AD05170D891500D8ACDF /* back-arrow-hi.png */ = {isa = PBXFileReference; lastKnownFileType = image.png; path = "back-arrow-hi.png"; sourceTree = "<group>"; };
		E6B4AD06170D891500D8ACDF /* exchange arrow.png */ = {isa = PBXFileReference; lastKnownFileType = image.png; path = "exchange arrow.png"; sourceTree = "<group>"; };
		E6B4AD07170D891500D8ACDF /* fightStick.png */ = {isa = PBXFileReference; lastKnownFileType = image.png; path = fightStick.png; sourceTree = "<group>"; };
		E6B4AD08170D891500D8ACDF /* hng.png */ = {isa = PBXFileReference; lastKnownFileType = image.png; path = hng.png; sourceTree = "<group>"; };
		E6B4AD09170D891500D8ACDF /* hp_potion.png */ = {isa = PBXFileReference; lastKnownFileType = image.png; path = hp_potion.png; sourceTree = "<group>"; };
		E6B4AD0A170D891500D8ACDF /* icon_57x57.png */ = {isa = PBXFileReference; lastKnownFileType = image.png; path = icon_57x57.png; sourceTree = "<group>"; };
		E6B4AD0B170D891500D8ACDF /* icon_57x57@2x.png */ = {isa = PBXFileReference; lastKnownFileType = image.png; path = "icon_57x57@2x.png"; sourceTree = "<group>"; };
		E6B4AD0C170D891500D8ACDF /* player1 block.png */ = {isa = PBXFileReference; lastKnownFileType = image.png; path = "player1 block.png"; sourceTree = "<group>"; };
		E6B4AD0D170D891500D8ACDF /* player1 dodge.png */ = {isa = PBXFileReference; lastKnownFileType = image.png; path = "player1 dodge.png"; sourceTree = "<group>"; };
		E6B4AD0E170D891500D8ACDF /* player1 hit.png */ = {isa = PBXFileReference; lastKnownFileType = image.png; path = "player1 hit.png"; sourceTree = "<group>"; };
		E6B4AD0F170D891500D8ACDF /* player1 kick.png */ = {isa = PBXFileReference; lastKnownFileType = image.png; path = "player1 kick.png"; sourceTree = "<group>"; };
		E6B4AD10170D891500D8ACDF /* player1 left punch.png */ = {isa = PBXFileReference; lastKnownFileType = image.png; path = "player1 left punch.png"; sourceTree = "<group>"; };
		E6B4AD11170D891500D8ACDF /* player1 powerup.png */ = {isa = PBXFileReference; lastKnownFileType = image.png; path = "player1 powerup.png"; sourceTree = "<group>"; };
		E6B4AD12170D891500D8ACDF /* player1 right punch.png */ = {isa = PBXFileReference; lastKnownFileType = image.png; path = "player1 right punch.png"; sourceTree = "<group>"; };
		E6B4AD13170D891500D8ACDF /* player1 stand.png */ = {isa = PBXFileReference; lastKnownFileType = image.png; path = "player1 stand.png"; sourceTree = "<group>"; };
		E6B4AD14170D891500D8ACDF /* player2 block.png */ = {isa = PBXFileReference; lastKnownFileType = image.png; path = "player2 block.png"; sourceTree = "<group>"; };
		E6B4AD15170D891500D8ACDF /* player2 hit.png */ = {isa = PBXFileReference; lastKnownFileType = image.png; path = "player2 hit.png"; sourceTree = "<group>"; };
		E6B4AD16170D891500D8ACDF /* player2 kick.png */ = {isa = PBXFileReference; lastKnownFileType = image.png; path = "player2 kick.png"; sourceTree = "<group>"; };
		E6B4AD17170D891500D8ACDF /* player2 miss.png */ = {isa = PBXFileReference; lastKnownFileType = image.png; path = "player2 miss.png"; sourceTree = "<group>"; };
		E6B4AD18170D891500D8ACDF /* player2 powerup.png */ = {isa = PBXFileReference; lastKnownFileType = image.png; path = "player2 powerup.png"; sourceTree = "<group>"; };
		E6B4AD19170D891500D8ACDF /* player2 punch.png */ = {isa = PBXFileReference; lastKnownFileType = image.png; path = "player2 punch.png"; sourceTree = "<group>"; };
		E6B4AD1A170D891500D8ACDF /* SwapLife.png */ = {isa = PBXFileReference; lastKnownFileType = image.png; path = SwapLife.png; sourceTree = "<group>"; };
		E6B4AD1B170D891500D8ACDF /* Unconventional-Recycle-Arrows-Clip-Art.png */ = {isa = PBXFileReference; lastKnownFileType = image.png; path = "Unconventional-Recycle-Arrows-Clip-Art.png"; sourceTree = "<group>"; };
		E6B4AD1C170D891500D8ACDF /* click.wav */ = {isa = PBXFileReference; lastKnownFileType = audio.wav; path = click.wav; sourceTree = "<group>"; };
		E6B4AD1D170D891500D8ACDF /* Face Punch 2.wav */ = {isa = PBXFileReference; lastKnownFileType = audio.wav; path = "Face Punch 2.wav"; sourceTree = "<group>"; };
		E6B4AD1E170D891500D8ACDF /* karate.wav */ = {isa = PBXFileReference; lastKnownFileType = audio.wav; path = karate.wav; sourceTree = "<group>"; };
		E6B4AD1F170D891500D8ACDF /* kick.wav */ = {isa = PBXFileReference; lastKnownFileType = audio.wav; path = kick.wav; sourceTree = "<group>"; };
		E6B4AD20170D891500D8ACDF /* left hook.wav */ = {isa = PBXFileReference; lastKnownFileType = audio.wav; path = "left hook.wav"; sourceTree = "<group>"; };
		E6B4AD21170D891500D8ACDF /* Magic Tree.wav */ = {isa = PBXFileReference; lastKnownFileType = audio.wav; path = "Magic Tree.wav"; sourceTree = "<group>"; };
		E6B4AD22170D891500D8ACDF /* pain.wav */ = {isa = PBXFileReference; lastKnownFileType = audio.wav; path = pain.wav; sourceTree = "<group>"; };
		E6B4AD23170D891500D8ACDF /* powerhum.wav */ = {isa = PBXFileReference; lastKnownFileType = audio.wav; path = powerhum.wav; sourceTree = "<group>"; };
		E6B4AD24170D891500D8ACDF /* punch.wav */ = {isa = PBXFileReference; lastKnownFileType = audio.wav; path = punch.wav; sourceTree = "<group>"; };
		E6B4AD25170D891500D8ACDF /* razor slate.wav */ = {isa = PBXFileReference; lastKnownFileType = audio.wav; path = "razor slate.wav"; sourceTree = "<group>"; };
		E6B4AD26170D891500D8ACDF /* right hook.wav */ = {isa = PBXFileReference; lastKnownFileType = audio.wav; path = "right hook.wav"; sourceTree = "<group>"; };
		E6B4AD27170D891500D8ACDF /* Ripple Lazer.wav */ = {isa = PBXFileReference; lastKnownFileType = audio.wav; path = "Ripple Lazer.wav"; sourceTree = "<group>"; };
		E6B4AD28170D891500D8ACDF /* strike.wav */ = {isa = PBXFileReference; lastKnownFileType = audio.wav; path = strike.wav; sourceTree = "<group>"; };
		E6B4AD29170D891500D8ACDF /* swoosh 3.wav */ = {isa = PBXFileReference; lastKnownFileType = audio.wav; path = "swoosh 3.wav"; sourceTree = "<group>"; };
		E6B4AD2A170D891500D8ACDF /* thunder.wav */ = {isa = PBXFileReference; lastKnownFileType = audio.wav; path = thunder.wav; sourceTree = "<group>"; };
		E6B4AD5A170D894800D8ACDF /* AudioToolbox.framework */ = {isa = PBXFileReference; lastKnownFileType = wrapper.framework; name = AudioToolbox.framework; path = System/Library/Frameworks/AudioToolbox.framework; sourceTree = SDKROOT; };
		E6B4AD5C170D894D00D8ACDF /* AVFoundation.framework */ = {isa = PBXFileReference; lastKnownFileType = wrapper.framework; name = AVFoundation.framework; path = System/Library/Frameworks/AVFoundation.framework; sourceTree = SDKROOT; };
		E6B4AD64170D9DE600D8ACDF /* icon_57x57.png */ = {isa = PBXFileReference; lastKnownFileType = image.png; name = icon_57x57.png; path = ../icon_57x57.png; sourceTree = "<group>"; };
		E6B4AD66170D9DF800D8ACDF /* icon_57x57@2x.png */ = {isa = PBXFileReference; lastKnownFileType = image.png; name = "icon_57x57@2x.png"; path = "../icon_57x57@2x.png"; sourceTree = "<group>"; };
		E6EFFAF1170D87FD004B9197 /* Fight 2.0.app */ = {isa = PBXFileReference; explicitFileType = wrapper.application; includeInIndex = 0; path = "Fight 2.0.app"; sourceTree = BUILT_PRODUCTS_DIR; };
		E6EFFAF4170D87FD004B9197 /* UIKit.framework */ = {isa = PBXFileReference; lastKnownFileType = wrapper.framework; name = UIKit.framework; path = System/Library/Frameworks/UIKit.framework; sourceTree = SDKROOT; };
		E6EFFAF6170D87FD004B9197 /* Foundation.framework */ = {isa = PBXFileReference; lastKnownFileType = wrapper.framework; name = Foundation.framework; path = System/Library/Frameworks/Foundation.framework; sourceTree = SDKROOT; };
		E6EFFAF8170D87FD004B9197 /* CoreGraphics.framework */ = {isa = PBXFileReference; lastKnownFileType = wrapper.framework; name = CoreGraphics.framework; path = System/Library/Frameworks/CoreGraphics.framework; sourceTree = SDKROOT; };
		E6EFFAFC170D87FD004B9197 /* Fight 2.0-Info.plist */ = {isa = PBXFileReference; lastKnownFileType = text.plist.xml; path = "Fight 2.0-Info.plist"; sourceTree = "<group>"; };
		E6EFFAFE170D87FD004B9197 /* en */ = {isa = PBXFileReference; lastKnownFileType = text.plist.strings; name = en; path = en.lproj/InfoPlist.strings; sourceTree = "<group>"; };
		E6EFFB00170D87FD004B9197 /* main.m */ = {isa = PBXFileReference; lastKnownFileType = sourcecode.c.objc; path = main.m; sourceTree = "<group>"; };
		E6EFFB02170D87FD004B9197 /* Fight 2.0-Prefix.pch */ = {isa = PBXFileReference; lastKnownFileType = sourcecode.c.h; path = "Fight 2.0-Prefix.pch"; sourceTree = "<group>"; };
		E6EFFB03170D87FD004B9197 /* AppDelegate.h */ = {isa = PBXFileReference; lastKnownFileType = sourcecode.c.h; path = AppDelegate.h; sourceTree = "<group>"; };
		E6EFFB04170D87FD004B9197 /* AppDelegate.m */ = {isa = PBXFileReference; lastKnownFileType = sourcecode.c.objc; path = AppDelegate.m; sourceTree = "<group>"; };
		E6EFFB06170D87FD004B9197 /* Default.png */ = {isa = PBXFileReference; lastKnownFileType = image.png; path = Default.png; sourceTree = "<group>"; };
		E6EFFB08170D87FD004B9197 /* Default@2x.png */ = {isa = PBXFileReference; lastKnownFileType = image.png; path = "Default@2x.png"; sourceTree = "<group>"; };
		E6EFFB0A170D87FD004B9197 /* Default-568h@2x.png */ = {isa = PBXFileReference; lastKnownFileType = image.png; path = "Default-568h@2x.png"; sourceTree = "<group>"; };
		E6EFFB0D170D87FD004B9197 /* en */ = {isa = PBXFileReference; lastKnownFileType = file.storyboard; name = en; path = en.lproj/MainStoryboard_iPhone.storyboard; sourceTree = "<group>"; };
		E6EFFB10170D87FD004B9197 /* en */ = {isa = PBXFileReference; lastKnownFileType = file.storyboard; name = en; path = en.lproj/MainStoryboard_iPad.storyboard; sourceTree = "<group>"; };
		E6EFFB12170D87FD004B9197 /* ViewController.h */ = {isa = PBXFileReference; lastKnownFileType = sourcecode.c.h; path = ViewController.h; sourceTree = "<group>"; };
		E6EFFB13170D87FD004B9197 /* ViewController.m */ = {isa = PBXFileReference; lastKnownFileType = sourcecode.c.objc; path = ViewController.m; sourceTree = "<group>"; };
/* End PBXFileReference section */

/* Begin PBXFrameworksBuildPhase section */
		E6EFFAEE170D87FD004B9197 /* Frameworks */ = {
			isa = PBXFrameworksBuildPhase;
			buildActionMask = 2147483647;
			files = (
				E6B4AD5D170D894D00D8ACDF /* AVFoundation.framework in Frameworks */,
				E6B4AD5B170D894800D8ACDF /* AudioToolbox.framework in Frameworks */,
				E6EFFAF5170D87FD004B9197 /* UIKit.framework in Frameworks */,
				E6EFFAF7170D87FD004B9197 /* Foundation.framework in Frameworks */,
				E6EFFAF9170D87FD004B9197 /* CoreGraphics.framework in Frameworks */,
			);
			runOnlyForDeploymentPostprocessing = 0;
		};
/* End PBXFrameworksBuildPhase section */

/* Begin PBXGroup section */
		E6B4AD5E170D8DB100D8ACDF /* StoryBoards */ = {
			isa = PBXGroup;
			children = (
				E6EFFB0C170D87FD004B9197 /* MainStoryboard_iPhone.storyboard */,
				E6EFFB0F170D87FD004B9197 /* MainStoryboard_iPad.storyboard */,
			);
			name = StoryBoards;
			sourceTree = "<group>";
		};
		E6B4AD5F170D8DBE00D8ACDF /* ViewControllers */ = {
			isa = PBXGroup;
			children = (
				E6EFFB12170D87FD004B9197 /* ViewController.h */,
				E6EFFB13170D87FD004B9197 /* ViewController.m */,
				E6B4ACF6170D891500D8ACDF /* MenuViewController.h */,
				E6B4ACFF170D891500D8ACDF /* MenuViewController.m */,
				E6B4ACFA170D891500D8ACDF /* SettingsViewController.h */,
				E6B4AD02170D891500D8ACDF /* SettingsViewController.m */,
				E6020B4E171043A400DAE734 /* SpecialViewController.h */,
				E6020B4F171043A400DAE734 /* SpecialViewController.m */,
			);
			name = ViewControllers;
			sourceTree = "<group>";
		};
		E6B4AD60170D8DD000D8ACDF /* SFX */ = {
			isa = PBXGroup;
			children = (
				E6B4ACFD170D891500D8ACDF /* click.mp3 */,
				E6B4AD1C170D891500D8ACDF /* click.wav */,
				E6B4AD1D170D891500D8ACDF /* Face Punch 2.wav */,
				E6B4AD1E170D891500D8ACDF /* karate.wav */,
				E6B4AD1F170D891500D8ACDF /* kick.wav */,
				E6B4AD20170D891500D8ACDF /* left hook.wav */,
				E6B4AD21170D891500D8ACDF /* Magic Tree.wav */,
				E6B4AD22170D891500D8ACDF /* pain.wav */,
				E6B4AD23170D891500D8ACDF /* powerhum.wav */,
				E6B4AD24170D891500D8ACDF /* punch.wav */,
				E6B4AD25170D891500D8ACDF /* razor slate.wav */,
				E6B4AD26170D891500D8ACDF /* right hook.wav */,
				E6B4AD27170D891500D8ACDF /* Ripple Lazer.wav */,
				E6B4AD28170D891500D8ACDF /* strike.wav */,
				E6B4AD29170D891500D8ACDF /* swoosh 3.wav */,
				E6B4AD2A170D891500D8ACDF /* thunder.wav */,
			);
			name = SFX;
			sourceTree = "<group>";
		};
		E6B4AD61170D8DDC00D8ACDF /* Images */ = {
			isa = PBXGroup;
			children = (
				E6020B1317100F8300DAE734 /* Space Jupitor Earh Background.jpg */,
				E6B4ACFC170D891500D8ACDF /* reg back arrow.jpeg */,
				E6B4AD66170D9DF800D8ACDF /* icon_57x57@2x.png */,
				E6B4AD64170D9DE600D8ACDF /* icon_57x57.png */,
				E6EFFB06170D87FD004B9197 /* Default.png */,
				E6EFFB08170D87FD004B9197 /* Default@2x.png */,
				E6EFFB0A170D87FD004B9197 /* Default-568h@2x.png */,
				E6B4AD03170D891500D8ACDF /* Amsterdam_checkmark.png */,
				E6B4AD04170D891500D8ACDF /* Arrow+01.png */,
				E6B4AD05170D891500D8ACDF /* back-arrow-hi.png */,
				E6B4AD06170D891500D8ACDF /* exchange arrow.png */,
				E6B4AD07170D891500D8ACDF /* fightStick.png */,
				E6B4AD08170D891500D8ACDF /* hng.png */,
				E6020B471710304B00DAE734 /* yellowBox.png */,
				E6020B481710304B00DAE734 /* whiteBox.png */,
				E6B4AD09170D891500D8ACDF /* hp_potion.png */,
				E6B4AD0A170D891500D8ACDF /* icon_57x57.png */,
				E6B4AD0B170D891500D8ACDF /* icon_57x57@2x.png */,
				E6B4AD0C170D891500D8ACDF /* player1 block.png */,
				E6B4AD0D170D891500D8ACDF /* player1 dodge.png */,
				E6B4AD0E170D891500D8ACDF /* player1 hit.png */,
				E6B4AD0F170D891500D8ACDF /* player1 kick.png */,
				E6B4AD10170D891500D8ACDF /* player1 left punch.png */,
				E6B4AD11170D891500D8ACDF /* player1 powerup.png */,
				E6B4AD12170D891500D8ACDF /* player1 right punch.png */,
				E6B4AD13170D891500D8ACDF /* player1 stand.png */,
				E6B4AD14170D891500D8ACDF /* player2 block.png */,
				E6B4AD15170D891500D8ACDF /* player2 hit.png */,
				E6B4AD16170D891500D8ACDF /* player2 kick.png */,
				E6B4AD17170D891500D8ACDF /* player2 miss.png */,
				E6B4AD18170D891500D8ACDF /* player2 powerup.png */,
				E6B4AD19170D891500D8ACDF /* player2 punch.png */,
				E6B4AD1A170D891500D8ACDF /* SwapLife.png */,
				E6B4AD1B170D891500D8ACDF /* Unconventional-Recycle-Arrows-Clip-Art.png */,
			);
			name = Images;
			sourceTree = "<group>";
		};
		E6B4AD62170D8DE600D8ACDF /* Glue Files */ = {
			isa = PBXGroup;
			children = (
				E6B4ACF5170D891500D8ACDF /* Globals:Constants.h */,
				E6B4ACF7170D891500D8ACDF /* Methods.h */,
				E6B4AD00170D891500D8ACDF /* Methods.m */,
			);
			name = "Glue Files";
			sourceTree = "<group>";
		};
		E6B4AD63170D8DF100D8ACDF /* Classes */ = {
			isa = PBXGroup;
			children = (
				E6B4ACF9170D891500D8ACDF /* Player.h */,
				E6B4AD01170D891500D8ACDF /* Player.m */,
			);
			name = Classes;
			sourceTree = "<group>";
		};
		E6EFFAE8170D87FD004B9197 = {
			isa = PBXGroup;
			children = (
				E6EFFAFA170D87FD004B9197 /* Fight 2.0 */,
				E6EFFAF3170D87FD004B9197 /* Frameworks */,
				E6EFFAF2170D87FD004B9197 /* Products */,
			);
			sourceTree = "<group>";
		};
		E6EFFAF2170D87FD004B9197 /* Products */ = {
			isa = PBXGroup;
			children = (
				E6EFFAF1170D87FD004B9197 /* Fight 2.0.app */,
			);
			name = Products;
			sourceTree = "<group>";
		};
		E6EFFAF3170D87FD004B9197 /* Frameworks */ = {
			isa = PBXGroup;
			children = (
				E6B4AD5C170D894D00D8ACDF /* AVFoundation.framework */,
				E6B4AD5A170D894800D8ACDF /* AudioToolbox.framework */,
				E6EFFAF4170D87FD004B9197 /* UIKit.framework */,
				E6EFFAF6170D87FD004B9197 /* Foundation.framework */,
				E6EFFAF8170D87FD004B9197 /* CoreGraphics.framework */,
			);
			name = Frameworks;
			sourceTree = "<group>";
		};
		E6EFFAFA170D87FD004B9197 /* Fight 2.0 */ = {
			isa = PBXGroup;
			children = (
				E6B4AD62170D8DE600D8ACDF /* Glue Files */,
				E6B4AD5F170D8DBE00D8ACDF /* ViewControllers */,
				E6B4AD63170D8DF100D8ACDF /* Classes */,
				E6B4AD5E170D8DB100D8ACDF /* StoryBoards */,
				E6B4AD61170D8DDC00D8ACDF /* Images */,
				E6B4AD60170D8DD000D8ACDF /* SFX */,
				E6EFFAFB170D87FD004B9197 /* Supporting Files */,
			);
			path = "Fight 2.0";
			sourceTree = "<group>";
		};
		E6EFFAFB170D87FD004B9197 /* Supporting Files */ = {
			isa = PBXGroup;
			children = (
				E6EFFB00170D87FD004B9197 /* main.m */,
				E6EFFB03170D87FD004B9197 /* AppDelegate.h */,
				E6EFFB04170D87FD004B9197 /* AppDelegate.m */,
				E6EFFAFC170D87FD004B9197 /* Fight 2.0-Info.plist */,
				E6EFFAFD170D87FD004B9197 /* InfoPlist.strings */,
				E6EFFB02170D87FD004B9197 /* Fight 2.0-Prefix.pch */,
			);
			name = "Supporting Files";
			sourceTree = "<group>";
		};
/* End PBXGroup section */

/* Begin PBXNativeTarget section */
		E6EFFAF0170D87FD004B9197 /* Fight 2.0 */ = {
			isa = PBXNativeTarget;
			buildConfigurationList = E6EFFB17170D87FD004B9197 /* Build configuration list for PBXNativeTarget "Fight 2.0" */;
			buildPhases = (
				E6EFFAED170D87FD004B9197 /* Sources */,
				E6EFFAEE170D87FD004B9197 /* Frameworks */,
				E6EFFAEF170D87FD004B9197 /* Resources */,
			);
			buildRules = (
			);
			dependencies = (
			);
			name = "Fight 2.0";
			productName = "Fight 2.0";
			productReference = E6EFFAF1170D87FD004B9197 /* Fight 2.0.app */;
			productType = "com.apple.product-type.application";
		};
/* End PBXNativeTarget section */

/* Begin PBXProject section */
		E6EFFAE9170D87FD004B9197 /* Project object */ = {
			isa = PBXProject;
			attributes = {
				LastUpgradeCheck = 0460;
				ORGANIZATIONNAME = "Bing Bang Boom Studios";
			};
			buildConfigurationList = E6EFFAEC170D87FD004B9197 /* Build configuration list for PBXProject "Fight 2.0" */;
			compatibilityVersion = "Xcode 3.2";
			developmentRegion = English;
			hasScannedForEncodings = 0;
			knownRegions = (
				en,
			);
			mainGroup = E6EFFAE8170D87FD004B9197;
			productRefGroup = E6EFFAF2170D87FD004B9197 /* Products */;
			projectDirPath = "";
			projectRoot = "";
			targets = (
				E6EFFAF0170D87FD004B9197 /* Fight 2.0 */,
			);
		};
/* End PBXProject section */

/* Begin PBXResourcesBuildPhase section */
		E6EFFAEF170D87FD004B9197 /* Resources */ = {
			isa = PBXResourcesBuildPhase;
			buildActionMask = 2147483647;
			files = (
				E6EFFAFF170D87FD004B9197 /* InfoPlist.strings in Resources */,
				E6EFFB07170D87FD004B9197 /* Default.png in Resources */,
				E6EFFB09170D87FD004B9197 /* Default@2x.png in Resources */,
				E6EFFB0B170D87FD004B9197 /* Default-568h@2x.png in Resources */,
				E6EFFB0E170D87FD004B9197 /* MainStoryboard_iPhone.storyboard in Resources */,
				E6EFFB11170D87FD004B9197 /* MainStoryboard_iPad.storyboard in Resources */,
				E6B4AD2B170D891500D8ACDF /* reg back arrow.jpeg in Resources */,
				E6B4AD2C170D891500D8ACDF /* click.mp3 in Resources */,
				E6B4AD32170D891500D8ACDF /* Amsterdam_checkmark.png in Resources */,
				E6B4AD33170D891500D8ACDF /* Arrow+01.png in Resources */,
				E6B4AD34170D891500D8ACDF /* back-arrow-hi.png in Resources */,
				E6B4AD35170D891500D8ACDF /* exchange arrow.png in Resources */,
				E6B4AD36170D891500D8ACDF /* fightStick.png in Resources */,
				E6B4AD37170D891500D8ACDF /* hng.png in Resources */,
				E6B4AD38170D891500D8ACDF /* hp_potion.png in Resources */,
				E6B4AD39170D891500D8ACDF /* icon_57x57.png in Resources */,
				E6B4AD3A170D891500D8ACDF /* icon_57x57@2x.png in Resources */,
				E6B4AD3B170D891500D8ACDF /* player1 block.png in Resources */,
				E6B4AD3C170D891500D8ACDF /* player1 dodge.png in Resources */,
				E6B4AD3D170D891500D8ACDF /* player1 hit.png in Resources */,
				E6B4AD3E170D891500D8ACDF /* player1 kick.png in Resources */,
				E6B4AD3F170D891500D8ACDF /* player1 left punch.png in Resources */,
				E6B4AD40170D891500D8ACDF /* player1 powerup.png in Resources */,
				E6B4AD41170D891500D8ACDF /* player1 right punch.png in Resources */,
				E6B4AD42170D891500D8ACDF /* player1 stand.png in Resources */,
				E6B4AD43170D891500D8ACDF /* player2 block.png in Resources */,
				E6B4AD44170D891500D8ACDF /* player2 hit.png in Resources */,
				E6B4AD45170D891500D8ACDF /* player2 kick.png in Resources */,
				E6B4AD46170D891500D8ACDF /* player2 miss.png in Resources */,
				E6B4AD47170D891500D8ACDF /* player2 powerup.png in Resources */,
				E6B4AD48170D891500D8ACDF /* player2 punch.png in Resources */,
				E6B4AD49170D891500D8ACDF /* SwapLife.png in Resources */,
				E6B4AD4A170D891500D8ACDF /* Unconventional-Recycle-Arrows-Clip-Art.png in Resources */,
				E6B4AD4B170D891500D8ACDF /* click.wav in Resources */,
				E6B4AD4C170D891500D8ACDF /* Face Punch 2.wav in Resources */,
				E6B4AD4D170D891500D8ACDF /* karate.wav in Resources */,
				E6B4AD4E170D891500D8ACDF /* kick.wav in Resources */,
				E6B4AD4F170D891500D8ACDF /* left hook.wav in Resources */,
				E6B4AD50170D891500D8ACDF /* Magic Tree.wav in Resources */,
				E6B4AD51170D891500D8ACDF /* pain.wav in Resources */,
				E6B4AD52170D891500D8ACDF /* powerhum.wav in Resources */,
				E6B4AD53170D891500D8ACDF /* punch.wav in Resources */,
				E6B4AD54170D891500D8ACDF /* razor slate.wav in Resources */,
				E6B4AD55170D891500D8ACDF /* right hook.wav in Resources */,
				E6B4AD56170D891500D8ACDF /* Ripple Lazer.wav in Resources */,
				E6B4AD57170D891500D8ACDF /* strike.wav in Resources */,
				E6B4AD58170D891500D8ACDF /* swoosh 3.wav in Resources */,
				E6B4AD59170D891500D8ACDF /* thunder.wav in Resources */,
				E6B4AD65170D9DE600D8ACDF /* icon_57x57.png in Resources */,
				E6B4AD67170D9DF800D8ACDF /* icon_57x57@2x.png in Resources */,
				E6020B1417100F8300DAE734 /* Space Jupitor Earh Background.jpg in Resources */,
				E6020B491710304C00DAE734 /* yellowBox.png in Resources */,
				E6020B4A1710304C00DAE734 /* whiteBox.png in Resources */,
			);
			runOnlyForDeploymentPostprocessing = 0;
		};
/* End PBXResourcesBuildPhase section */

/* Begin PBXSourcesBuildPhase section */
		E6EFFAED170D87FD004B9197 /* Sources */ = {
			isa = PBXSourcesBuildPhase;
			buildActionMask = 2147483647;
			files = (
				E6EFFB01170D87FD004B9197 /* main.m in Sources */,
				E6EFFB05170D87FD004B9197 /* AppDelegate.m in Sources */,
				E6EFFB14170D87FD004B9197 /* ViewController.m in Sources */,
				E6B4AD2E170D891500D8ACDF /* MenuViewController.m in Sources */,
				E6B4AD2F170D891500D8ACDF /* Methods.m in Sources */,
				E6B4AD30170D891500D8ACDF /* Player.m in Sources */,
				E6B4AD31170D891500D8ACDF /* SettingsViewController.m in Sources */,
				E6020B50171043A400DAE734 /* SpecialViewController.m in Sources */,
			);
			runOnlyForDeploymentPostprocessing = 0;
		};
/* End PBXSourcesBuildPhase section */

/* Begin PBXVariantGroup section */
		E6EFFAFD170D87FD004B9197 /* InfoPlist.strings */ = {
			isa = PBXVariantGroup;
			children = (
				E6EFFAFE170D87FD004B9197 /* en */,
			);
			name = InfoPlist.strings;
			sourceTree = "<group>";
		};
		E6EFFB0C170D87FD004B9197 /* MainStoryboard_iPhone.storyboard */ = {
			isa = PBXVariantGroup;
			children = (
				E6EFFB0D170D87FD004B9197 /* en */,
			);
			name = MainStoryboard_iPhone.storyboard;
			sourceTree = "<group>";
		};
		E6EFFB0F170D87FD004B9197 /* MainStoryboard_iPad.storyboard */ = {
			isa = PBXVariantGroup;
			children = (
				E6EFFB10170D87FD004B9197 /* en */,
			);
			name = MainStoryboard_iPad.storyboard;
			sourceTree = "<group>";
		};
/* End PBXVariantGroup section */

/* Begin XCBuildConfiguration section */
		E6EFFB15170D87FD004B9197 /* Debug */ = {
			isa = XCBuildConfiguration;
			buildSettings = {
				ALWAYS_SEARCH_USER_PATHS = NO;
				CLANG_CXX_LANGUAGE_STANDARD = "gnu++0x";
				CLANG_CXX_LIBRARY = "libc++";
				CLANG_ENABLE_OBJC_ARC = YES;
				CLANG_WARN_CONSTANT_CONVERSION = YES;
				CLANG_WARN_EMPTY_BODY = YES;
				CLANG_WARN_ENUM_CONVERSION = YES;
				CLANG_WARN_INT_CONVERSION = YES;
				CLANG_WARN__DUPLICATE_METHOD_MATCH = YES;
				"CODE_SIGN_IDENTITY[sdk=iphoneos*]" = "iPhone Developer";
				COPY_PHASE_STRIP = NO;
				GCC_C_LANGUAGE_STANDARD = gnu99;
				GCC_DYNAMIC_NO_PIC = NO;
				GCC_OPTIMIZATION_LEVEL = 0;
				GCC_PREPROCESSOR_DEFINITIONS = (
					"DEBUG=1",
					"$(inherited)",
				);
				GCC_SYMBOLS_PRIVATE_EXTERN = NO;
				GCC_WARN_ABOUT_RETURN_TYPE = YES;
				GCC_WARN_UNINITIALIZED_AUTOS = YES;
				GCC_WARN_UNUSED_VARIABLE = YES;
				IPHONEOS_DEPLOYMENT_TARGET = 6.1;
				ONLY_ACTIVE_ARCH = YES;
				SDKROOT = iphoneos;
				TARGETED_DEVICE_FAMILY = "1,2";
			};
			name = Debug;
		};
		E6EFFB16170D87FD004B9197 /* Release */ = {
			isa = XCBuildConfiguration;
			buildSettings = {
				ALWAYS_SEARCH_USER_PATHS = NO;
				CLANG_CXX_LANGUAGE_STANDARD = "gnu++0x";
				CLANG_CXX_LIBRARY = "libc++";
				CLANG_ENABLE_OBJC_ARC = YES;
				CLANG_WARN_CONSTANT_CONVERSION = YES;
				CLANG_WARN_EMPTY_BODY = YES;
				CLANG_WARN_ENUM_CONVERSION = YES;
				CLANG_WARN_INT_CONVERSION = YES;
				CLANG_WARN__DUPLICATE_METHOD_MATCH = YES;
				"CODE_SIGN_IDENTITY[sdk=iphoneos*]" = "iPhone Developer";
				COPY_PHASE_STRIP = YES;
				GCC_C_LANGUAGE_STANDARD = gnu99;
				GCC_WARN_ABOUT_RETURN_TYPE = YES;
				GCC_WARN_UNINITIALIZED_AUTOS = YES;
				GCC_WARN_UNUSED_VARIABLE = YES;
				IPHONEOS_DEPLOYMENT_TARGET = 6.1;
				OTHER_CFLAGS = "-DNS_BLOCK_ASSERTIONS=1";
				SDKROOT = iphoneos;
				TARGETED_DEVICE_FAMILY = "1,2";
				VALIDATE_PRODUCT = YES;
			};
			name = Release;
		};
		E6EFFB18170D87FD004B9197 /* Debug */ = {
			isa = XCBuildConfiguration;
			buildSettings = {
				GCC_PRECOMPILE_PREFIX_HEADER = YES;
				GCC_PREFIX_HEADER = "Fight 2.0/Fight 2.0-Prefix.pch";
				INFOPLIST_FILE = "Fight 2.0/Fight 2.0-Info.plist";
				PRODUCT_NAME = "$(TARGET_NAME)";
				WRAPPER_EXTENSION = app;
			};
			name = Debug;
		};
		E6EFFB19170D87FD004B9197 /* Release */ = {
			isa = XCBuildConfiguration;
			buildSettings = {
				GCC_PRECOMPILE_PREFIX_HEADER = YES;
				GCC_PREFIX_HEADER = "Fight 2.0/Fight 2.0-Prefix.pch";
				INFOPLIST_FILE = "Fight 2.0/Fight 2.0-Info.plist";
				PRODUCT_NAME = "$(TARGET_NAME)";
				WRAPPER_EXTENSION = app;
			};
			name = Release;
		};
/* End XCBuildConfiguration section */

/* Begin XCConfigurationList section */
		E6EFFAEC170D87FD004B9197 /* Build configuration list for PBXProject "Fight 2.0" */ = {
			isa = XCConfigurationList;
			buildConfigurations = (
				E6EFFB15170D87FD004B9197 /* Debug */,
				E6EFFB16170D87FD004B9197 /* Release */,
			);
			defaultConfigurationIsVisible = 0;
			defaultConfigurationName = Release;
		};
		E6EFFB17170D87FD004B9197 /* Build configuration list for PBXNativeTarget "Fight 2.0" */ = {
			isa = XCConfigurationList;
			buildConfigurations = (
				E6EFFB18170D87FD004B9197 /* Debug */,
				E6EFFB19170D87FD004B9197 /* Release */,
			);
			defaultConfigurationIsVisible = 0;
			defaultConfigurationName = Release;
		};
/* End XCConfigurationList section */
	};
	rootObject = E6EFFAE9170D87FD004B9197 /* Project object */;
}
